{
  "version": "2",
  "remote": {
    "https://deno.land/std@0.138.0/async/deferred.ts": "bc18e28108252c9f67dfca2bbc4587c3cbf3aeb6e155f8c864ca8ecff992b98a",
    "https://deno.land/std@0.154.0/_util/assert.ts": "e94f2eb37cebd7f199952e242c77654e43333c1ac4c5c700e929ea3aa5489f74",
    "https://deno.land/std@0.154.0/_util/os.ts": "3b4c6e27febd119d36a416d7a97bd3b0251b77c88942c8f16ee5953ea13e2e49",
    "https://deno.land/std@0.154.0/fs/_util.ts": "fdc156f897197f261a1c096dcf8ff9267ed0ff42bd5b31f55053a4763a4bae3b",
    "https://deno.land/std@0.154.0/fs/ensure_dir.ts": "76395fc1c989ca8d2de3aedfa8240eb8f5225cde20f926de957995b063135b80",
    "https://deno.land/std@0.154.0/fs/move.ts": "6d7fa9da60dbc7a32dd7fdbc2ff812b745861213c8e92ba96dace0669b0c378c",
    "https://deno.land/std@0.154.0/fs/walk.ts": "d6c73a2a2fb5fde60150ce27cff3fff420e72e5bb84131b4919c9a41d74712ce",
    "https://deno.land/std@0.154.0/path/_constants.ts": "df1db3ffa6dd6d1252cc9617e5d72165cd2483df90e93833e13580687b6083c3",
    "https://deno.land/std@0.154.0/path/_interface.ts": "ee3b431a336b80cf445441109d089b70d87d5e248f4f90ff906820889ecf8d09",
    "https://deno.land/std@0.154.0/path/_util.ts": "d16be2a16e1204b65f9d0dfc54a9bc472cafe5f4a190b3c8471ec2016ccd1677",
    "https://deno.land/std@0.154.0/path/common.ts": "bee563630abd2d97f99d83c96c2fa0cca7cee103e8cb4e7699ec4d5db7bd2633",
    "https://deno.land/std@0.154.0/path/glob.ts": "cb5255638de1048973c3e69e420c77dc04f75755524cb3b2e160fe9277d939ee",
    "https://deno.land/std@0.154.0/path/mod.ts": "56fec03ad0ebd61b6ab39ddb9b0ddb4c4a5c9f2f4f632e09dd37ec9ebfd722ac",
    "https://deno.land/std@0.154.0/path/posix.ts": "c1f7afe274290ea0b51da07ee205653b2964bd74909a82deb07b69a6cc383aaa",
    "https://deno.land/std@0.154.0/path/separator.ts": "fe1816cb765a8068afb3e8f13ad272351c85cbc739af56dacfc7d93d710fe0f9",
    "https://deno.land/std@0.154.0/path/win32.ts": "bd7549042e37879c68ff2f8576a25950abbfca1d696d41d82c7bca0b7e6f452c",
    "https://deno.land/std@0.158.0/async/deferred.ts": "c01de44b9192359cebd3fe93273fcebf9e95110bf3360023917da9a2d1489fae",
    "https://deno.land/std@0.158.0/collections/_comparators.ts": "b9edf2170aaccbe11407d37e8948b6867cf68fbe5225f4cd4cdb02f174227157",
    "https://deno.land/std@0.158.0/collections/binary_search_node.ts": "44ce42e032d8701d1cbce0de4a2d991742743554d2df09783198d862284eb263",
    "https://deno.land/std@0.158.0/collections/binary_search_tree.ts": "64224e394fd3b894b5dee2f8da692405a5d6f107cd2ecbab48c478f63b9fad03",
    "https://deno.land/std@0.158.0/collections/red_black_node.ts": "8381a2fecdd28e06f2f730f091aa2a78cab57571a78727203f42e00fd24dd12f",
    "https://deno.land/std@0.158.0/collections/red_black_tree.ts": "b065e14cc319d1b0090aa6acbad387b7c9cb52346c259047a0c47b9695c7cc5c",
    "https://deno.land/std@0.167.0/async/abortable.ts": "80b2ac399f142cc528f95a037a7d0e653296352d95c681e284533765961de409",
    "https://deno.land/std@0.167.0/async/deadline.ts": "2c2deb53c7c28ca1dda7a3ad81e70508b1ebc25db52559de6b8636c9278fd41f",
    "https://deno.land/std@0.167.0/async/debounce.ts": "60301ffb37e730cd2d6f9dadfd0ecb2a38857681bd7aaf6b0a106b06e5210a98",
    "https://deno.land/std@0.167.0/async/deferred.ts": "77d3f84255c3627f1cc88699d8472b664d7635990d5358c4351623e098e917d6",
    "https://deno.land/std@0.167.0/async/delay.ts": "5a9bfba8de38840308a7a33786a0155a7f6c1f7a859558ddcec5fe06e16daf57",
    "https://deno.land/std@0.167.0/async/mod.ts": "7809ad4bb223e40f5fdc043e5c7ca04e0e25eed35c32c3c32e28697c553fa6d9",
    "https://deno.land/std@0.167.0/async/mux_async_iterator.ts": "770a0ff26c59f8bbbda6b703a2235f04e379f73238e8d66a087edc68c2a2c35f",
    "https://deno.land/std@0.167.0/async/pool.ts": "6854d8cd675a74c73391c82005cbbe4cc58183bddcd1fbbd7c2bcda42b61cf69",
    "https://deno.land/std@0.167.0/async/retry.ts": "e8e5173623915bbc0ddc537698fa418cf875456c347eda1ed453528645b42e67",
    "https://deno.land/std@0.167.0/async/tee.ts": "3a47cc4e9a940904fd4341f0224907e199121c80b831faa5ec2b054c6d2eff5e",
    "https://deno.land/std@0.167.0/bytes/equals.ts": "39006f683f6ab99ceb517ebdba5023d03e9a1d272da8bfb14154e2bda32bdbf9",
    "https://deno.land/std@0.167.0/http/server.ts": "e99c1bee8a3f6571ee4cdeb2966efad465b8f6fe62bec1bdb59c1f007cc4d155",
    "https://deno.land/std@0.167.0/media_types/_util.ts": "ce9b4fc4ba1c447dafab619055e20fd88236ca6bdd7834a21f98bd193c3fbfa1",
    "https://deno.land/std@0.167.0/media_types/mod.ts": "8c0447e561dd74fb26c52ad0df92d9f2ab170329a11a3f78498e3ea94c0590fd",
    "https://deno.land/std@0.167.0/media_types/vendor/mime-db.v1.52.0.ts": "724cee25fa40f1a52d3937d6b4fbbfdd7791ff55e1b7ac08d9319d5632c7f5af",
    "https://deno.land/x/for_awaitable_queue@1.0.0/mod.ts": "a2fb2014da6401733499376cb58a9ae82819aea6471bf8df8388dcbed58a52f9",
    "https://deno.land/x/range_reconcile@0.1.2/mod.ts": "bf886668195e27bce5a958a2b3bcb8f2ed47e1f2d2e782db08d8ab1948b6e7ae",
    "https://deno.land/x/range_reconcile@0.1.2/src/fingerprint_tree/fingerprint_tree.ts": "1a18915414e057344a7c4559862c9ab80fcb6b59ad0e7d295f051df5cfd9a672",
    "https://deno.land/x/range_reconcile@0.1.2/src/lifting_monoid.ts": "f9f650a9a364fd7510ca497ea2a9fb69cc52f09b4e74143d37f7a08b9ab1cef3",
    "https://deno.land/x/range_reconcile@0.1.2/src/range_messenger/range_messenger.ts": "78f966c9857c2fad3ec6b48bb6c0e0f3d16ac1d32bb0146067227ff1693f078e",
    "https://deno.land/x/range_reconcile@0.1.2/src/range_messenger/range_messenger_config.ts": "a695011a6b38cbc736f53b2c6e61059b3f3d3caa06f36c15fe641986fbef6dfd",
    "https://deno.land/x/range_reconcile@0.1.2/src/teeable_deferred.ts": "0c167f2d7d0708e24e42c08752aa2e6a82398df03266546c390f06d1e6eb7280",
    "https://deno.land/x/range_reconcile@0.1.2/src/util.ts": "cae679c2cc2aba479899f5de8049937e0a62c5206974dcbdd81ad8663b4ccde5",
    "https://deno.land/x/shallow_equal@v0.1.3/arrays.ts": "2ffe92cd73423ce89ef6b1fd2fad26c3657d114a4030cd410daa78f210754192",
    "https://deno.land/x/shallow_equal@v0.1.3/mod.ts": "8699bbfa42900fcec42d270fdfa0f2c9c03a2098221d974088c946cbafdc8fb6",
    "https://deno.land/x/shallow_equal@v0.1.3/objects.ts": "0859f90c3269b0b420d2e7776ecbed574bed79af4afea957050e63eb35f29f0c",
    "https://deno.land/x/sodium@0.2.0/basic.ts": "458ec1e8e90b5df3c0d8a7a7e4747dbbbd35e3ee776ac4dc7c44d3ec70784de9",
    "https://deno.land/x/sodium@0.2.0/basic_types.ts": "49e32fd3d239e183d71e2509def40a70ce0308f4d9f0552dd355be8094e2fe5f",
    "https://deno.land/x/sodium@0.2.0/dist/browsers/sodium.js": "169e09bb1d056fd4700c95edbdb399d8050d685ce44b40f520e35a021167d520",
    "https://deno.land/x/sqlite@v3.2.0/build/sqlite.d.ts": "ccb2ec6b78608781d4a69f92a54c16becae0c69ded71e85b2ecb8c4865cfed91",
    "https://deno.land/x/sqlite@v3.2.0/build/sqlite.js": "16fe819f3b40c0d2e100014ec922b7dcef32bc9a0c799a9ecd4f1ae104217c88",
    "https://deno.land/x/sqlite@v3.2.0/build/vfs.js": "baff72655c0916c906327fe6703c6a47daa1346e55c2eaa2629bcd879a673c8d",
    "https://deno.land/x/sqlite@v3.2.0/mod.ts": "0b3e066f61a149d5aa99a50e2c41c687eaa0713350d3e9bfbe4025173ec1c9a9",
    "https://deno.land/x/sqlite@v3.2.0/src/constants.ts": "b967237b460fafa03ca03aeddb33953bed41c7cbdc309a934e2329a5c84079ac",
    "https://deno.land/x/sqlite@v3.2.0/src/db.ts": "51e39293ba03679a779719a32fca503b3d8728f366762b4f7fb9fd8974985ab8",
    "https://deno.land/x/sqlite@v3.2.0/src/error.ts": "6b0e5e8e5b60c928ab5b125a0801074445fbe40b20de87c95ca15f4b88592faf",
    "https://deno.land/x/sqlite@v3.2.0/src/query.ts": "ad41895ceb1585a4f67b4cf836a3106d9be8957bf00ec48a056638026286f9b0",
    "https://deno.land/x/sqlite@v3.2.0/src/wasm.ts": "e79d0baa6e42423257fb3c7cc98091c54399254867e0f34a09b5bdef37bd9487",
    "https://esm.sh/fast-json-stable-stringify@2.1.0": "2c703d988daed272fcf00774659a9f74991c3406fd35989761abe289a55f0379",
    "https://esm.sh/rfc4648@1.5.0": "ca38dee08be6f85b5bcb7edd274e4751e6523abc88dd584643f6a3baa259ac29",
    "https://esm.sh/sha256-uint8array@0.10.3": "1825c02824c4ee3c9ed5c6f54e6db3336ec86750500c61a9b41a291ad176799a",
    "https://esm.sh/v94/fast-json-stable-stringify@2.1.0/deno/fast-json-stable-stringify.js": "cf00561ca1018e1ae0870ad76444fd0be9949ac73532a77e3c34f4c9198ecbf2",
    "https://esm.sh/v94/fast-json-stable-stringify@2.1.0/index.d.ts": "057ed8f5a5da370ccfdef3572fd36033349586f14453bc4cc5f9527f6b95d7f9",
    "https://esm.sh/v94/rfc4648@1.5.0/deno/rfc4648.js": "0c0faabca22c2c30c40cbfc8fe6338c3deccd1cb86074b5084c60ad4892c161e",
    "https://esm.sh/v94/rfc4648@1.5.0/lib/src/codec.d.ts": "b85e0cacbcbddaeaed7497fc24c779c06dbe9e1f7e16e1979c120831c92f0c0e",
    "https://esm.sh/v94/rfc4648@1.5.0/lib/src/index.d.ts": "705c5a29a7050fcc735988665316428cb2bfa678764a4acc5e50533fe5e8ee80",
    "https://esm.sh/v94/sha256-uint8array@0.10.3/deno/sha256-uint8array.js": "4651f27d3f35cd280b0d087e54124197d333c4ac3cefcae7d5358f3ebd2de99d",
    "https://esm.sh/v94/sha256-uint8array@0.10.3/types/sha256-uint8array.d.ts": "60362f82662d61e60c4e9f4dca95e108cda56d3894cee115ffab6a25ab04f77a",
    "https://raw.githubusercontent.com/sgwilym/noble-ed25519/153f9e7e9952ad22885f5abb3f6abf777bef4a4c/index.ts": "7bbdf74c218c856982948b3e4c63a276fee69d73f581db5c84ecfe2a37f1f371",
    "https://raw.githubusercontent.com/sgwilym/noble-ed25519/153f9e7e9952ad22885f5abb3f6abf777bef4a4c/mod.ts": "92f8abb3961cc84a393878ab48b0223dc25ee707400207922cb544aa7cdfbbe6"
  }
}
