{
  "version": "3",
  "packages": {
    "specifiers": {
      "jsr:@earthstar/meadowcap@^0.6.3": "jsr:@earthstar/meadowcap@0.6.3",
      "jsr:@earthstar/willow-utils@^1.0.0": "jsr:@earthstar/willow-utils@1.0.0",
      "jsr:@earthstar/willow@^0.3.6": "jsr:@earthstar/willow@0.3.6",
      "jsr:@noble/ed25519@^2.1.0": "jsr:@noble/ed25519@2.1.0",
      "jsr:@std/bytes@^0.224.0": "jsr:@std/bytes@0.224.0",
      "jsr:@std/data-structures@^0.224.0": "jsr:@std/data-structures@0.224.0",
      "jsr:@std/encoding@^0.224.1": "jsr:@std/encoding@0.224.1",
      "npm:@noble/curves@^1.4.0": "npm:@noble/curves@1.4.0",
      "npm:hash-wasm@^4.11.0": "npm:hash-wasm@4.11.0"
    },
    "jsr": {
      "@earthstar/meadowcap@0.6.3": {
        "integrity": "e150736d293105d3abf1f1ee8c3bf0cf36986ab08e04ae9057cfbc73707b108a"
      },
      "@earthstar/willow-utils@1.0.0": {
        "integrity": "5d30cb60315bbd3a2e00e9df2e4a7aa4a29689607c5b577a22bce2004a817c96"
      },
      "@earthstar/willow@0.3.6": {
        "integrity": "fde7c3a2c871524e1ad77d4c8e981fc25191d1ce81752f92b03441e0e1fa46dc",
        "dependencies": [
          "jsr:@std/data-structures@^0.224.0",
          "jsr:@std/encoding@^0.224.1"
        ]
      },
      "@noble/ed25519@2.1.0": {
        "integrity": "59a6ad395a37a0d065f6a2771e56fe52ea4bd9070c77bdaca5c475f5184412cc"
      },
      "@std/bytes@0.224.0": {
        "integrity": "a2250e1d0eb7d1c5a426f21267ab9bdeac2447fa87a3d0d1a467d3f7a6058e49"
      },
      "@std/data-structures@0.224.0": {
        "integrity": "b6e83a27374c9ff8bce121c494fbad84bca9bf09eeed9eaa7418b97b522e25a4"
      },
      "@std/encoding@0.224.1": {
        "integrity": "13fbec556c53de1d7bf8c8661ac6d79de7dbc175376ed00e8270369ebc28721f"
      }
    },
    "npm": {
      "@noble/curves@1.4.0": {
        "integrity": "sha512-p+4cb332SFCrReJkCYe8Xzm0OWi4Jji5jVdIZRL/PmacmDkFNw6MrrV+gGpiPxLHbV+zKFRywUWbaseT+tZRXg==",
        "dependencies": {
          "@noble/hashes": "@noble/hashes@1.4.0"
        }
      },
      "@noble/hashes@1.4.0": {
        "integrity": "sha512-V1JJ1WTRUqHHrOSh597hURcMqVKVGL/ea3kv0gSnEdsEZ0/+VyPghM1lMNGc00z7CIQorSvbKpuJkxvuHbvdbg==",
        "dependencies": {}
      },
      "hash-wasm@4.11.0": {
        "integrity": "sha512-HVusNXlVqHe0fzIzdQOGolnFN6mX/fqcrSAOcTBXdvzrXVHwTz11vXeKRmkR5gTuwVpvHZEIyKoePDvuAR+XwQ==",
        "dependencies": {}
      }
    }
  },
  "remote": {},
  "workspace": {
    "dependencies": [
      "jsr:@earthstar/meadowcap@^0.6.3",
      "jsr:@earthstar/willow-utils@^1.0.0",
      "jsr:@earthstar/willow@^0.3.6",
      "jsr:@noble/ed25519@^2.1.0",
      "jsr:@std/assert@^0.225.2",
      "jsr:@std/async@^0.224.0",
      "jsr:@std/bytes@^0.224.0",
      "jsr:@std/crypto@^0.224.0",
      "jsr:@std/encoding@^0.224.1",
      "jsr:@std/fs@^0.229.1",
      "jsr:@std/path@^0.225.1",
      "npm:@noble/curves@^1.4.0",
      "npm:hash-wasm@^4.11.0"
    ]
  }
}
