{
  "version": "2",
  "remote": {
    "https://cdn.skypack.dev/-/indexeddbshim@v9.0.0-QVaW8rBIOGlJegwkWTsK/dist=es2020,mode=imports/unoptimized/dist/indexeddbshim-noninvasive.js": "036e9191db93ef296b84a8a59192d4851f231e3b76a638543491cf81fe08b666",
    "https://cdn.skypack.dev/-/regenerator-runtime@v0.13.9-4Dxus9nU31cBsHxnWq2H/dist=es2020,mode=imports/optimized/regenerator-runtime.js": "9d5c28ca64c45a9e606d5f3b35aec61568ed451495968171c8cc3ef1923cb7fe",
    "https://cdn.skypack.dev/pin/indexeddbshim@v9.0.0-QVaW8rBIOGlJegwkWTsK/mode=imports/unoptimized/dist/indexeddbshim-noninvasive.js": "978a698ccf50ce19735b1da6cad00277cc8fc790610df183c61c2f9cc1df9c9b",
    "https://cdn.skypack.dev/pin/regenerator-runtime@v0.13.9-4Dxus9nU31cBsHxnWq2H/mode=imports/optimized/regenerator-runtime.js": "091dd6c5266025b80081cdd5bbadd9f6e03cad950c8a16c7454b58d77b422253",
    "https://deno.land/std@0.122.0/_util/assert.ts": "2f868145a042a11d5ad0a3c748dcf580add8a0dbc0e876eaa0026303a5488f58",
    "https://deno.land/std@0.122.0/_util/os.ts": "dfb186cc4e968c770ab6cc3288bd65f4871be03b93beecae57d657232ecffcac",
    "https://deno.land/std@0.122.0/fmt/colors.ts": "8368ddf2d48dfe413ffd04cdbb7ae6a1009cf0dccc9c7ff1d76259d9c61a0621",
    "https://deno.land/std@0.122.0/path/_constants.ts": "1247fee4a79b70c89f23499691ef169b41b6ccf01887a0abd131009c5581b853",
    "https://deno.land/std@0.122.0/path/_interface.ts": "1fa73b02aaa24867e481a48492b44f2598cd9dfa513c7b34001437007d3642e4",
    "https://deno.land/std@0.122.0/path/_util.ts": "2e06a3b9e79beaf62687196bd4b60a4c391d862cfa007a20fc3a39f778ba073b",
    "https://deno.land/std@0.122.0/path/common.ts": "f41a38a0719a1e85aa11c6ba3bea5e37c15dd009d705bd8873f94c833568cbc4",
    "https://deno.land/std@0.122.0/path/glob.ts": "7bf2349e818e332a830f3d8874c3f45dd7580b6c742ed50dbf6282d84ab18405",
    "https://deno.land/std@0.122.0/path/mod.ts": "4465dc494f271b02569edbb4a18d727063b5dbd6ed84283ff906260970a15d12",
    "https://deno.land/std@0.122.0/path/posix.ts": "34349174b9cd121625a2810837a82dd8b986bbaaad5ade690d1de75bbb4555b2",
    "https://deno.land/std@0.122.0/path/separator.ts": "8fdcf289b1b76fd726a508f57d3370ca029ae6976fcde5044007f062e643ff1c",
    "https://deno.land/std@0.122.0/path/win32.ts": "11549e8c6df8307a8efcfa47ad7b2a75da743eac7d4c89c9723a944661c8bd2e",
    "https://deno.land/std@0.129.0/async/abortable.ts": "a896ac6b0d4237bd2d2d248217cfa1f0d85ccda93cb25ebda55e33850e526be6",
    "https://deno.land/std@0.129.0/async/deadline.ts": "48ac998d7564969f3e6ec6b6f9bf0217ebd00239b1b2292feba61272d5dd58d0",
    "https://deno.land/std@0.129.0/async/debounce.ts": "564273ef242bcfcda19a439132f940db8694173abffc159ea34f07d18fc42620",
    "https://deno.land/std@0.129.0/async/deferred.ts": "bc18e28108252c9f67dfca2bbc4587c3cbf3aeb6e155f8c864ca8ecff992b98a",
    "https://deno.land/std@0.129.0/async/delay.ts": "cbbdf1c87d1aed8edc7bae13592fb3e27e3106e0748f089c263390d4f49e5f6c",
    "https://deno.land/std@0.129.0/async/mod.ts": "2240c6841157738414331f47dee09bb8c0482c5b1980b6e3234dd03515c8132f",
    "https://deno.land/std@0.129.0/async/mux_async_iterator.ts": "f4d1d259b0c694d381770ddaaa4b799a94843eba80c17f4a2ec2949168e52d1e",
    "https://deno.land/std@0.129.0/async/pool.ts": "97b0dd27c69544e374df857a40902e74e39532f226005543eabacb551e277082",
    "https://deno.land/std@0.129.0/async/tee.ts": "1341feb1f5b1a96f8628d0f8fc07d8c43d3813423f18a63bf1b4785568d21b1f",
    "https://deno.land/std@0.129.0/http/server.ts": "10c3a7814666cdbabd6f9c18acdcc4593e222275a628280a4868881445fbb5bc",
    "https://deno.land/std@0.136.0/_util/assert.ts": "e94f2eb37cebd7f199952e242c77654e43333c1ac4c5c700e929ea3aa5489f74",
    "https://deno.land/std@0.136.0/_util/os.ts": "49b92edea1e82ba295ec946de8ffd956ed123e2948d9bd1d3e901b04e4307617",
    "https://deno.land/std@0.136.0/path/_constants.ts": "df1db3ffa6dd6d1252cc9617e5d72165cd2483df90e93833e13580687b6083c3",
    "https://deno.land/std@0.136.0/path/_interface.ts": "ee3b431a336b80cf445441109d089b70d87d5e248f4f90ff906820889ecf8d09",
    "https://deno.land/std@0.136.0/path/_util.ts": "c1e9686d0164e29f7d880b2158971d805b6e0efc3110d0b3e24e4b8af2190d2b",
    "https://deno.land/std@0.136.0/path/common.ts": "bee563630abd2d97f99d83c96c2fa0cca7cee103e8cb4e7699ec4d5db7bd2633",
    "https://deno.land/std@0.136.0/path/glob.ts": "cb5255638de1048973c3e69e420c77dc04f75755524cb3b2e160fe9277d939ee",
    "https://deno.land/std@0.136.0/path/mod.ts": "4275129bb766f0e475ecc5246aa35689eeade419d72a48355203f31802640be7",
    "https://deno.land/std@0.136.0/path/posix.ts": "293cdaec3ecccec0a9cc2b534302dfe308adb6f10861fa183275d6695faace44",
    "https://deno.land/std@0.136.0/path/separator.ts": "fe1816cb765a8068afb3e8f13ad272351c85cbc739af56dacfc7d93d710fe0f9",
    "https://deno.land/std@0.136.0/path/win32.ts": "31811536855e19ba37a999cd8d1b62078235548d67902ece4aa6b814596dd757",
    "https://deno.land/std@0.138.0/async/deferred.ts": "bc18e28108252c9f67dfca2bbc4587c3cbf3aeb6e155f8c864ca8ecff992b98a",
    "https://deno.land/std@0.152.0/_util/assert.ts": "e94f2eb37cebd7f199952e242c77654e43333c1ac4c5c700e929ea3aa5489f74",
    "https://deno.land/std@0.152.0/_util/os.ts": "3b4c6e27febd119d36a416d7a97bd3b0251b77c88942c8f16ee5953ea13e2e49",
    "https://deno.land/std@0.152.0/path/_constants.ts": "df1db3ffa6dd6d1252cc9617e5d72165cd2483df90e93833e13580687b6083c3",
    "https://deno.land/std@0.152.0/path/_interface.ts": "ee3b431a336b80cf445441109d089b70d87d5e248f4f90ff906820889ecf8d09",
    "https://deno.land/std@0.152.0/path/_util.ts": "c1e9686d0164e29f7d880b2158971d805b6e0efc3110d0b3e24e4b8af2190d2b",
    "https://deno.land/std@0.152.0/path/common.ts": "bee563630abd2d97f99d83c96c2fa0cca7cee103e8cb4e7699ec4d5db7bd2633",
    "https://deno.land/std@0.152.0/path/glob.ts": "cb5255638de1048973c3e69e420c77dc04f75755524cb3b2e160fe9277d939ee",
    "https://deno.land/std@0.152.0/path/mod.ts": "56fec03ad0ebd61b6ab39ddb9b0ddb4c4a5c9f2f4f632e09dd37ec9ebfd722ac",
    "https://deno.land/std@0.152.0/path/posix.ts": "c1f7afe274290ea0b51da07ee205653b2964bd74909a82deb07b69a6cc383aaa",
    "https://deno.land/std@0.152.0/path/separator.ts": "fe1816cb765a8068afb3e8f13ad272351c85cbc739af56dacfc7d93d710fe0f9",
    "https://deno.land/std@0.152.0/path/win32.ts": "bd7549042e37879c68ff2f8576a25950abbfca1d696d41d82c7bca0b7e6f452c",
    "https://deno.land/std@0.154.0/_util/assert.ts": "e94f2eb37cebd7f199952e242c77654e43333c1ac4c5c700e929ea3aa5489f74",
    "https://deno.land/std@0.154.0/_util/os.ts": "3b4c6e27febd119d36a416d7a97bd3b0251b77c88942c8f16ee5953ea13e2e49",
    "https://deno.land/std@0.154.0/bytes/equals.ts": "3c3558c3ae85526f84510aa2b48ab2ad7bdd899e2e0f5b7a8ffc85acb3a6043a",
    "https://deno.land/std@0.154.0/bytes/mod.ts": "763f97d33051cc3f28af1a688dfe2830841192a9fea0cbaa55f927b49d49d0bf",
    "https://deno.land/std@0.154.0/encoding/base64.ts": "c57868ca7fa2fbe919f57f88a623ad34e3d970d675bdc1ff3a9d02bba7409db2",
    "https://deno.land/std@0.154.0/encoding/base64url.ts": "a5f82a9fa703bd85a5eb8e7c1296bc6529e601ebd9642cc2b5eaa6b38fa9e05a",
    "https://deno.land/std@0.154.0/fmt/colors.ts": "ff7dc9c9f33a72bd48bc24b21bbc1b4545d8494a431f17894dbc5fe92a938fc4",
    "https://deno.land/std@0.154.0/fs/_util.ts": "fdc156f897197f261a1c096dcf8ff9267ed0ff42bd5b31f55053a4763a4bae3b",
    "https://deno.land/std@0.154.0/fs/empty_dir.ts": "c15a0aaaf40f8c21cca902aa1e01a789ad0c2fd1b7e2eecf4957053c5dbf707f",
    "https://deno.land/std@0.154.0/fs/ensure_dir.ts": "76395fc1c989ca8d2de3aedfa8240eb8f5225cde20f926de957995b063135b80",
    "https://deno.land/std@0.154.0/fs/move.ts": "6d7fa9da60dbc7a32dd7fdbc2ff812b745861213c8e92ba96dace0669b0c378c",
    "https://deno.land/std@0.154.0/fs/walk.ts": "d6c73a2a2fb5fde60150ce27cff3fff420e72e5bb84131b4919c9a41d74712ce",
    "https://deno.land/std@0.154.0/node/_buffer.d.ts": "90f674081428a61978b6d481c5f557ff743a3f4a85d7ae113caab48fdf5b8a63",
    "https://deno.land/std@0.154.0/node/_buffer.mjs": "4e3e6b0f0613300340705a99a1998c655ba22bf08644c49df21f4aaa44e951d0",
    "https://deno.land/std@0.154.0/node/buffer.ts": "0e4e409bc03754e99c3e9fbdd10ff50834fd5d6e8654f70efeff054afde58821",
    "https://deno.land/std@0.154.0/node/internal/buffer.mjs": "6662fe7fe517329453545be34cea27a24f8ccd6d09afd4f609f11ade2b6dfca7",
    "https://deno.land/std@0.154.0/node/internal/crypto/_keys.ts": "7f993ece8c8e94a292944518cf4173521c6bf01785e75be014cd45a9cc2e4ad5",
    "https://deno.land/std@0.154.0/node/internal/crypto/constants.ts": "d2c8821977aef55e4d66414d623c24a2447791a8b49b6404b8db32d81e20c315",
    "https://deno.land/std@0.154.0/node/internal/error_codes.ts": "ac03c4eae33de3a69d6c98e8678003207eecf75a6900eb847e3fea3c8c9e6d8f",
    "https://deno.land/std@0.154.0/node/internal/hide_stack_frames.ts": "a91962ec84610bc7ec86022c4593cdf688156a5910c07b5bcd71994225c13a03",
    "https://deno.land/std@0.154.0/node/internal/normalize_encoding.mjs": "3779ec8a7adf5d963b0224f9b85d1bc974a2ec2db0e858396b5d3c2c92138a0a",
    "https://deno.land/std@0.154.0/node/internal/util.mjs": "98b26aa4eb6ca70fe6c140eb296759cea54fe1b46a87a91288073dbc88d46eb0",
    "https://deno.land/std@0.154.0/node/internal/util/types.ts": "de6e2b7f9b9985ab881b1e78f05ae51d1fc829ae1584063df21e57b35312f3c4",
    "https://deno.land/std@0.154.0/node/internal/validators.mjs": "a7e82eafb7deb85c332d5f8d9ffef052f46a42d4a121eada4a54232451acc49a",
    "https://deno.land/std@0.154.0/node/internal_binding/_node.ts": "e4075ba8a37aef4eb5b592c8e3807c39cb49ca8653faf8e01a43421938076c1b",
    "https://deno.land/std@0.154.0/node/internal_binding/_utils.ts": "1c50883b5751a9ea1b38951e62ed63bacfdc9d69ea665292edfa28e1b1c5bd94",
    "https://deno.land/std@0.154.0/node/internal_binding/buffer.ts": "781e1d13adc924864e6e37ecb5152e8a4e994cf394695136e451c47f00bda76c",
    "https://deno.land/std@0.154.0/node/internal_binding/string_decoder.ts": "5cb1863763d1e9b458bc21d6f976f16d9c18b3b3f57eaf0ade120aee38fba227",
    "https://deno.land/std@0.154.0/node/internal_binding/types.ts": "4c26fb74ba2e45de553c15014c916df6789529a93171e450d5afb016b4c765e7",
    "https://deno.land/std@0.154.0/path/_constants.ts": "df1db3ffa6dd6d1252cc9617e5d72165cd2483df90e93833e13580687b6083c3",
    "https://deno.land/std@0.154.0/path/_interface.ts": "ee3b431a336b80cf445441109d089b70d87d5e248f4f90ff906820889ecf8d09",
    "https://deno.land/std@0.154.0/path/_util.ts": "d16be2a16e1204b65f9d0dfc54a9bc472cafe5f4a190b3c8471ec2016ccd1677",
    "https://deno.land/std@0.154.0/path/common.ts": "bee563630abd2d97f99d83c96c2fa0cca7cee103e8cb4e7699ec4d5db7bd2633",
    "https://deno.land/std@0.154.0/path/glob.ts": "cb5255638de1048973c3e69e420c77dc04f75755524cb3b2e160fe9277d939ee",
    "https://deno.land/std@0.154.0/path/mod.ts": "56fec03ad0ebd61b6ab39ddb9b0ddb4c4a5c9f2f4f632e09dd37ec9ebfd722ac",
    "https://deno.land/std@0.154.0/path/posix.ts": "c1f7afe274290ea0b51da07ee205653b2964bd74909a82deb07b69a6cc383aaa",
    "https://deno.land/std@0.154.0/path/separator.ts": "fe1816cb765a8068afb3e8f13ad272351c85cbc739af56dacfc7d93d710fe0f9",
    "https://deno.land/std@0.154.0/path/win32.ts": "bd7549042e37879c68ff2f8576a25950abbfca1d696d41d82c7bca0b7e6f452c",
    "https://deno.land/std@0.154.0/testing/_diff.ts": "141f978a283defc367eeee3ff7b58aa8763cf7c8e0c585132eae614468e9d7b8",
    "https://deno.land/std@0.154.0/testing/_format.ts": "cd11136e1797791045e639e9f0f4640d5b4166148796cad37e6ef75f7d7f3832",
    "https://deno.land/std@0.154.0/testing/asserts.ts": "ac295f7fd22a7af107580e2475402a8c386cb1bf18bf837ae266ac0665786026",
    "https://deno.land/std@0.158.0/async/deferred.ts": "c01de44b9192359cebd3fe93273fcebf9e95110bf3360023917da9a2d1489fae",
    "https://deno.land/std@0.158.0/collections/_comparators.ts": "b9edf2170aaccbe11407d37e8948b6867cf68fbe5225f4cd4cdb02f174227157",
    "https://deno.land/std@0.158.0/collections/binary_search_node.ts": "44ce42e032d8701d1cbce0de4a2d991742743554d2df09783198d862284eb263",
    "https://deno.land/std@0.158.0/collections/binary_search_tree.ts": "64224e394fd3b894b5dee2f8da692405a5d6f107cd2ecbab48c478f63b9fad03",
    "https://deno.land/std@0.158.0/collections/red_black_node.ts": "8381a2fecdd28e06f2f730f091aa2a78cab57571a78727203f42e00fd24dd12f",
    "https://deno.land/std@0.158.0/collections/red_black_tree.ts": "b065e14cc319d1b0090aa6acbad387b7c9cb52346c259047a0c47b9695c7cc5c",
    "https://deno.land/std@0.167.0/async/abortable.ts": "80b2ac399f142cc528f95a037a7d0e653296352d95c681e284533765961de409",
    "https://deno.land/std@0.167.0/async/deadline.ts": "2c2deb53c7c28ca1dda7a3ad81e70508b1ebc25db52559de6b8636c9278fd41f",
    "https://deno.land/std@0.167.0/async/debounce.ts": "60301ffb37e730cd2d6f9dadfd0ecb2a38857681bd7aaf6b0a106b06e5210a98",
    "https://deno.land/std@0.167.0/async/deferred.ts": "77d3f84255c3627f1cc88699d8472b664d7635990d5358c4351623e098e917d6",
    "https://deno.land/std@0.167.0/async/delay.ts": "5a9bfba8de38840308a7a33786a0155a7f6c1f7a859558ddcec5fe06e16daf57",
    "https://deno.land/std@0.167.0/async/mod.ts": "7809ad4bb223e40f5fdc043e5c7ca04e0e25eed35c32c3c32e28697c553fa6d9",
    "https://deno.land/std@0.167.0/async/mux_async_iterator.ts": "770a0ff26c59f8bbbda6b703a2235f04e379f73238e8d66a087edc68c2a2c35f",
    "https://deno.land/std@0.167.0/async/pool.ts": "6854d8cd675a74c73391c82005cbbe4cc58183bddcd1fbbd7c2bcda42b61cf69",
    "https://deno.land/std@0.167.0/async/retry.ts": "e8e5173623915bbc0ddc537698fa418cf875456c347eda1ed453528645b42e67",
    "https://deno.land/std@0.167.0/async/tee.ts": "3a47cc4e9a940904fd4341f0224907e199121c80b831faa5ec2b054c6d2eff5e",
    "https://deno.land/std@0.167.0/bytes/equals.ts": "39006f683f6ab99ceb517ebdba5023d03e9a1d272da8bfb14154e2bda32bdbf9",
    "https://deno.land/std@0.167.0/http/server.ts": "e99c1bee8a3f6571ee4cdeb2966efad465b8f6fe62bec1bdb59c1f007cc4d155",
    "https://deno.land/std@0.167.0/media_types/_util.ts": "ce9b4fc4ba1c447dafab619055e20fd88236ca6bdd7834a21f98bd193c3fbfa1",
    "https://deno.land/std@0.167.0/media_types/mod.ts": "8c0447e561dd74fb26c52ad0df92d9f2ab170329a11a3f78498e3ea94c0590fd",
    "https://deno.land/std@0.167.0/media_types/vendor/mime-db.v1.52.0.ts": "724cee25fa40f1a52d3937d6b4fbbfdd7791ff55e1b7ac08d9319d5632c7f5af",
    "https://deno.land/std@0.97.0/_util/assert.ts": "2f868145a042a11d5ad0a3c748dcf580add8a0dbc0e876eaa0026303a5488f58",
    "https://deno.land/std@0.97.0/_util/os.ts": "e282950a0eaa96760c0cf11e7463e66babd15ec9157d4c9ed49cc0925686f6a7",
    "https://deno.land/std@0.97.0/encoding/base64.ts": "eecae390f1f1d1cae6f6c6d732ede5276bf4b9cd29b1d281678c054dc5cc009e",
    "https://deno.land/std@0.97.0/encoding/hex.ts": "f952e0727bddb3b2fd2e6889d104eacbd62e92091f540ebd6459317a61932d9b",
    "https://deno.land/std@0.97.0/fs/_util.ts": "f2ce811350236ea8c28450ed822a5f42a0892316515b1cd61321dec13569c56b",
    "https://deno.land/std@0.97.0/fs/ensure_dir.ts": "b7c103dc41a3d1dbbb522bf183c519c37065fdc234831a4a0f7d671b1ed5fea7",
    "https://deno.land/std@0.97.0/fs/exists.ts": "b0d2e31654819cc2a8d37df45d6b14686c0cc1d802e9ff09e902a63e98b85a00",
    "https://deno.land/std@0.97.0/hash/_wasm/hash.ts": "cb6ad1ab429f8ac9d6eae48f3286e08236d662e1a2e5cfd681ba1c0f17375895",
    "https://deno.land/std@0.97.0/hash/_wasm/wasm.js": "94b1b997ae6fb4e6d2156bcea8f79cfcd1e512a91252b08800a92071e5e84e1a",
    "https://deno.land/std@0.97.0/hash/hasher.ts": "57a9ec05dd48a9eceed319ac53463d9873490feea3832d58679df6eec51c176b",
    "https://deno.land/std@0.97.0/hash/mod.ts": "5d032bd34186cda2f8d17fc122d621430953a6030d4b3f11172004715e3e2441",
    "https://deno.land/std@0.97.0/path/_constants.ts": "1247fee4a79b70c89f23499691ef169b41b6ccf01887a0abd131009c5581b853",
    "https://deno.land/std@0.97.0/path/_interface.ts": "1fa73b02aaa24867e481a48492b44f2598cd9dfa513c7b34001437007d3642e4",
    "https://deno.land/std@0.97.0/path/_util.ts": "2e06a3b9e79beaf62687196bd4b60a4c391d862cfa007a20fc3a39f778ba073b",
    "https://deno.land/std@0.97.0/path/common.ts": "eaf03d08b569e8a87e674e4e265e099f237472b6fd135b3cbeae5827035ea14a",
    "https://deno.land/std@0.97.0/path/glob.ts": "314ad9ff263b895795208cdd4d5e35a44618ca3c6dd155e226fb15d065008652",
    "https://deno.land/std@0.97.0/path/mod.ts": "4465dc494f271b02569edbb4a18d727063b5dbd6ed84283ff906260970a15d12",
    "https://deno.land/std@0.97.0/path/posix.ts": "f56c3c99feb47f30a40ce9d252ef6f00296fa7c0fcb6dd81211bdb3b8b99ca3b",
    "https://deno.land/std@0.97.0/path/separator.ts": "8fdcf289b1b76fd726a508f57d3370ca029ae6976fcde5044007f062e643ff1c",
    "https://deno.land/std@0.97.0/path/win32.ts": "77f7b3604e0de40f3a7c698e8a79e7f601dc187035a1c21cb1e596666ce112f8",
    "https://deno.land/x/cache@0.2.13/cache.ts": "4005aad54fb9aac9ff02526ffa798032e57f2d7966905fdeb7949263b1c95f2f",
    "https://deno.land/x/cache@0.2.13/deps.ts": "6f14e76a1a09f329e3f3830c6e72bd10b53a89a75769d5ea886e5d8603e503e6",
    "https://deno.land/x/cache@0.2.13/directories.ts": "ef48531cab3f827252e248596d15cede0de179a2fb15392ae24cf8034519994f",
    "https://deno.land/x/cache@0.2.13/file.ts": "5abe7d80c6ac594c98e66eb4262962139f48cd9c49dbe2a77e9608760508a09a",
    "https://deno.land/x/cache@0.2.13/file_fetcher.ts": "5c793cc83a5b9377679ec313b2a2321e51bf7ed15380fa82d387f1cdef3b924f",
    "https://deno.land/x/cache@0.2.13/helpers.ts": "d1545d6432277b7a0b5ea254d1c51d572b6452a8eadd9faa7ad9c5586a1725c4",
    "https://deno.land/x/cache@0.2.13/mod.ts": "3188250d3a013ef6c9eb060e5284cf729083af7944a29e60bb3d8597dd20ebcd",
    "https://deno.land/x/for_awaitable_queue@1.0.0/mod.ts": "a2fb2014da6401733499376cb58a9ae82819aea6471bf8df8388dcbed58a52f9",
    "https://deno.land/x/free_port@v1.2.0/mod.ts": "512646732aaea41fbfd1f210f3ae82660f38251777d189d290da331d0235a58e",
    "https://deno.land/x/indexeddb@1.3.5/lib/indexeddb.ts": "6d8eeec0c4074ed2e3ed5ae3c99e3b66703f772c791279d052680fe3b334de2d",
    "https://deno.land/x/indexeddb@1.3.5/lib/indexeddb_global.ts": "7bec428dcf95b36a61b8acec5b5c943fb33a86815bff57458ada59e1642dfbe3",
    "https://deno.land/x/indexeddb@1.3.5/lib/shim.ts": "8b98a9395134220ac9dfe7314c3e27f37feffec0cab37dbf557f06f118b6eaad",
    "https://deno.land/x/indexeddb@1.3.5/polyfill_memory.ts": "83911d846564fe689356bd08054ccb994405b82d3167807f2129a7bb558f0498",
    "https://deno.land/x/plug@0.5.2/deps.ts": "0f53866f60dc4f89bbc3be9d096f7501f2068a51923db220f43f0ad284b6b892",
    "https://deno.land/x/plug@0.5.2/plug.ts": "e495c772bc3b19eb30d820bb83f1b75f6047e3009e19d9a5d81dbe68ca642fd9",
    "https://deno.land/x/range_reconcile@0.1.2/mod.ts": "bf886668195e27bce5a958a2b3bcb8f2ed47e1f2d2e782db08d8ab1948b6e7ae",
    "https://deno.land/x/range_reconcile@0.1.2/src/fingerprint_tree/fingerprint_tree.ts": "1a18915414e057344a7c4559862c9ab80fcb6b59ad0e7d295f051df5cfd9a672",
    "https://deno.land/x/range_reconcile@0.1.2/src/lifting_monoid.ts": "f9f650a9a364fd7510ca497ea2a9fb69cc52f09b4e74143d37f7a08b9ab1cef3",
    "https://deno.land/x/range_reconcile@0.1.2/src/range_messenger/range_messenger.ts": "78f966c9857c2fad3ec6b48bb6c0e0f3d16ac1d32bb0146067227ff1693f078e",
    "https://deno.land/x/range_reconcile@0.1.2/src/range_messenger/range_messenger_config.ts": "a695011a6b38cbc736f53b2c6e61059b3f3d3caa06f36c15fe641986fbef6dfd",
    "https://deno.land/x/range_reconcile@0.1.2/src/teeable_deferred.ts": "0c167f2d7d0708e24e42c08752aa2e6a82398df03266546c390f06d1e6eb7280",
    "https://deno.land/x/range_reconcile@0.1.2/src/util.ts": "cae679c2cc2aba479899f5de8049937e0a62c5206974dcbdd81ad8663b4ccde5",
    "https://deno.land/x/shallow_equal@v0.1.3/arrays.ts": "2ffe92cd73423ce89ef6b1fd2fad26c3657d114a4030cd410daa78f210754192",
    "https://deno.land/x/shallow_equal@v0.1.3/mod.ts": "8699bbfa42900fcec42d270fdfa0f2c9c03a2098221d974088c946cbafdc8fb6",
    "https://deno.land/x/shallow_equal@v0.1.3/objects.ts": "0859f90c3269b0b420d2e7776ecbed574bed79af4afea957050e63eb35f29f0c",
    "https://deno.land/x/sodium@0.2.0/basic.ts": "458ec1e8e90b5df3c0d8a7a7e4747dbbbd35e3ee776ac4dc7c44d3ec70784de9",
    "https://deno.land/x/sodium@0.2.0/basic_types.ts": "49e32fd3d239e183d71e2509def40a70ce0308f4d9f0552dd355be8094e2fe5f",
    "https://deno.land/x/sodium@0.2.0/dist/browsers/sodium.js": "169e09bb1d056fd4700c95edbdb399d8050d685ce44b40f520e35a021167d520",
    "https://deno.land/x/sqlite3@0.5.3/deps.ts": "722c865b9cef27b4cde0bb1ac9ebb08e94c43ad090a7313cea576658ff1e3bb0",
    "https://deno.land/x/sqlite3@0.5.3/mod.ts": "d41b8b30e1b20b537ef4d78cae98d90f6bd65c727b64aa1a18bffbb28f7d6ec3",
    "https://deno.land/x/sqlite3@0.5.3/src/blob.ts": "de99594d6ce374aa53678e8f1dca792bab63415485ec4ac9ec8dcec66182154f",
    "https://deno.land/x/sqlite3@0.5.3/src/constants.ts": "85fd27aa6e199093f25f5f437052e16fd0e0870b96ca9b24a98e04ddc8b7d006",
    "https://deno.land/x/sqlite3@0.5.3/src/database.ts": "52bf2a7e258635e4a1bc9cbd24b672e8e60c01352a1aef216258aa9d44bdda16",
    "https://deno.land/x/sqlite3@0.5.3/src/ffi.ts": "cc0da8bf73a24534dee08eb8e3a61000ca5d87485962dbe90f8351d45b4e9a08",
    "https://deno.land/x/sqlite3@0.5.3/src/statement.ts": "714b1e1374d5dbc404e29f543ac11eeabb835ea6b3a844879dd82da95c918a0e",
    "https://deno.land/x/sqlite3@0.5.3/src/util.ts": "98cb0ac5c3483db26a0c99056c873ebd9ed35b11d23b4124e1d95bc5864da2c6",
    "https://deno.land/x/sqlite@v3.2.0/build/sqlite.d.ts": "ccb2ec6b78608781d4a69f92a54c16becae0c69ded71e85b2ecb8c4865cfed91",
    "https://deno.land/x/sqlite@v3.2.0/build/sqlite.js": "16fe819f3b40c0d2e100014ec922b7dcef32bc9a0c799a9ecd4f1ae104217c88",
    "https://deno.land/x/sqlite@v3.2.0/build/vfs.js": "baff72655c0916c906327fe6703c6a47daa1346e55c2eaa2629bcd879a673c8d",
    "https://deno.land/x/sqlite@v3.2.0/mod.ts": "0b3e066f61a149d5aa99a50e2c41c687eaa0713350d3e9bfbe4025173ec1c9a9",
    "https://deno.land/x/sqlite@v3.2.0/src/constants.ts": "b967237b460fafa03ca03aeddb33953bed41c7cbdc309a934e2329a5c84079ac",
    "https://deno.land/x/sqlite@v3.2.0/src/db.ts": "51e39293ba03679a779719a32fca503b3d8728f366762b4f7fb9fd8974985ab8",
    "https://deno.land/x/sqlite@v3.2.0/src/error.ts": "6b0e5e8e5b60c928ab5b125a0801074445fbe40b20de87c95ca15f4b88592faf",
    "https://deno.land/x/sqlite@v3.2.0/src/query.ts": "ad41895ceb1585a4f67b4cf836a3106d9be8957bf00ec48a056638026286f9b0",
    "https://deno.land/x/sqlite@v3.2.0/src/wasm.ts": "e79d0baa6e42423257fb3c7cc98091c54399254867e0f34a09b5bdef37bd9487",
    "https://deno.land/x/sqlite@v3.3.0/build/sqlite.d.ts": "b52e6b5ea2e0517750be2ea1eae8da0edd5056c1f285247aa1c0153f4ef504ec",
    "https://deno.land/x/sqlite@v3.3.0/build/sqlite.js": "0b74712a5db206aa399f9833c40fd08eb24dfaff5dee77749e4bcadb333ec676",
    "https://deno.land/x/sqlite@v3.3.0/build/vfs.js": "baff72655c0916c906327fe6703c6a47daa1346e55c2eaa2629bcd879a673c8d",
    "https://deno.land/x/sqlite@v3.3.0/mod.ts": "eb55ff3e103826ee735fa1a8ec2db6e96c8fec826faf198239c66a0fe635c4b6",
    "https://deno.land/x/sqlite@v3.3.0/src/constants.ts": "b967237b460fafa03ca03aeddb33953bed41c7cbdc309a934e2329a5c84079ac",
    "https://deno.land/x/sqlite@v3.3.0/src/db.ts": "59b9c4fbe733da0e512dcd6b1f1f6a5ac8b165b565505670e9b81a73803dd36a",
    "https://deno.land/x/sqlite@v3.3.0/src/error.ts": "abf9df169951faf8c21a68d99ef9efd257c788c19784f27dd147507fbdfe5fe7",
    "https://deno.land/x/sqlite@v3.3.0/src/query.ts": "df4d3d6b23d52b36243dd47c07ed6ed7cd23f7834a0f6a2f2c6dbffba63d4c28",
    "https://deno.land/x/sqlite@v3.3.0/src/wasm.ts": "e79d0baa6e42423257fb3c7cc98091c54399254867e0f34a09b5bdef37bd9487",
    "https://deno.land/x/websql@1.3.2/deps.ts": "2bda07c0ee0eae5f23b5dde415c983c59fb945256f5a9026402eb9118945c025",
    "https://deno.land/x/websql@1.3.2/mod.ts": "e7a44b9f376761e5592facd30ed27acae47633275a32eed57cd64f16a461222f",
    "https://deno.land/x/websql@1.3.2/src/Database.ts": "ed5f8ae33165d2dd9c3ea1be0b427377628f9437bfe49bfabc32efb3908dc1d5",
    "https://deno.land/x/websql@1.3.2/src/SQLResultSet.ts": "fcd83582439c0032794fa26bbbe9e47790467fa5ef1cba1c8a9fddb334f23bf1",
    "https://deno.land/x/websql@1.3.2/src/SQLResultSetRowList.ts": "d13bda459cc73bc7e4d596a0411f1e4647d1204a8fddfd42a51720a20d4bf562",
    "https://deno.land/x/websql@1.3.2/src/SQLTransaction.ts": "bda17665d54793976957af94a300834e5f07ee546d67e919f14da2a7f77fc797",
    "https://deno.land/x/websql@1.3.2/src/SQLiteDBCache.ts": "0c5a67598e39e54c317b40fff3ffc9945e5a9ed0b0c91b5d8a2b379d59c4f4a4",
    "https://deno.land/x/which_runtime@0.2.0/mod.ts": "3e8f1ddb3a043818264a8035c0132aaf72d94977d45cd23ecfb03b2156f06126",
    "https://esm.sh/fast-json-stable-stringify@2.1.0": "2c703d988daed272fcf00774659a9f74991c3406fd35989761abe289a55f0379",
    "https://esm.sh/rfc4648@1.5.0": "ca38dee08be6f85b5bcb7edd274e4751e6523abc88dd584643f6a3baa259ac29",
    "https://esm.sh/sha256-uint8array@0.10.3": "1825c02824c4ee3c9ed5c6f54e6db3336ec86750500c61a9b41a291ad176799a",
    "https://esm.sh/v94/fast-json-stable-stringify@2.1.0/deno/fast-json-stable-stringify.js": "cf00561ca1018e1ae0870ad76444fd0be9949ac73532a77e3c34f4c9198ecbf2",
    "https://esm.sh/v94/fast-json-stable-stringify@2.1.0/index.d.ts": "057ed8f5a5da370ccfdef3572fd36033349586f14453bc4cc5f9527f6b95d7f9",
    "https://esm.sh/v94/rfc4648@1.5.0/deno/rfc4648.js": "0c0faabca22c2c30c40cbfc8fe6338c3deccd1cb86074b5084c60ad4892c161e",
    "https://esm.sh/v94/rfc4648@1.5.0/lib/src/codec.d.ts": "b85e0cacbcbddaeaed7497fc24c779c06dbe9e1f7e16e1979c120831c92f0c0e",
    "https://esm.sh/v94/rfc4648@1.5.0/lib/src/index.d.ts": "705c5a29a7050fcc735988665316428cb2bfa678764a4acc5e50533fe5e8ee80",
    "https://esm.sh/v94/sha256-uint8array@0.10.3/deno/sha256-uint8array.js": "4651f27d3f35cd280b0d087e54124197d333c4ac3cefcae7d5358f3ebd2de99d",
    "https://esm.sh/v94/sha256-uint8array@0.10.3/types/sha256-uint8array.d.ts": "60362f82662d61e60c4e9f4dca95e108cda56d3894cee115ffab6a25ab04f77a",
    "https://raw.githubusercontent.com/sgwilym/noble-ed25519/153f9e7e9952ad22885f5abb3f6abf777bef4a4c/index.ts": "7bbdf74c218c856982948b3e4c63a276fee69d73f581db5c84ecfe2a37f1f371",
    "https://raw.githubusercontent.com/sgwilym/noble-ed25519/153f9e7e9952ad22885f5abb3f6abf777bef4a4c/mod.ts": "92f8abb3961cc84a393878ab48b0223dc25ee707400207922cb544aa7cdfbbe6"
  }
}
